
Microsoft Visual Studio Solution File, Format Version 12.00
# Visual Studio 15
VisualStudioVersion = 15.0.27703.2000
MinimumVisualStudioVersion = 10.0.40219.1
Project("{9A19103F-16F7-4668-BE54-9A1E7A4F7556}") = "Cake.MkDocs", "Cake.MkDocs\Cake.MkDocs.csproj", "{3D864043-B2A1-416F-A05F-3A5588A1CF1A}"
EndProject
Project("{FAE04EC0-301F-11D3-BF4B-00C04F79EFBC}") = "Cake.MkDocs.Tests", "Cake.MkDocs.Tests\Cake.MkDocs.Tests.csproj", "{F1391A9B-3DE0-4562-8F9B-BD384770217F}"
EndProject
Global
	GlobalSection(SolutionConfigurationPlatforms) = preSolution
		Debug|Any CPU = Debug|Any CPU
		Release|Any CPU = Release|Any CPU
	EndGlobalSection
	GlobalSection(ProjectConfigurationPlatforms) = postSolution
		{3D864043-B2A1-416F-A05F-3A5588A1CF1A}.Debug|Any CPU.ActiveCfg = Debug|Any CPU
		{3D864043-B2A1-416F-A05F-3A5588A1CF1A}.Debug|Any CPU.Build.0 = Debug|Any CPU
		{3D864043-B2A1-416F-A05F-3A5588A1CF1A}.Release|Any CPU.ActiveCfg = Release|Any CPU
		{3D864043-B2A1-416F-A05F-3A5588A1CF1A}.Release|Any CPU.Build.0 = Release|Any CPU
		{F1391A9B-3DE0-4562-8F9B-BD384770217F}.Debug|Any CPU.ActiveCfg = Debug|Any CPU
		{F1391A9B-3DE0-4562-8F9B-BD384770217F}.Debug|Any CPU.Build.0 = Debug|Any CPU
		{F1391A9B-3DE0-4562-8F9B-BD384770217F}.Release|Any CPU.ActiveCfg = Release|Any CPU
		{F1391A9B-3DE0-4562-8F9B-BD384770217F}.Release|Any CPU.Build.0 = Release|Any CPU
	EndGlobalSection
	GlobalSection(SolutionProperties) = preSolution
		HideSolutionNode = FALSE
	EndGlobalSection
	GlobalSection(ExtensibilityGlobals) = postSolution
		SolutionGuid = {68CBB8A1-B94C-48CC-A3A8-C9E5501A3E10}
	EndGlobalSection
EndGlobal
